
Microsoft Visual Studio Solution File, Format Version 12.00
# Visual Studio Version 16
VisualStudioVersion = 16.0.30204.135
MinimumVisualStudioVersion = 10.0.40219.1
Project("{FAE04EC0-301F-11D3-BF4B-00C04F79EFBC}") = "Pry1ParcialCert-I", "Pry1ParcialCert-I.csproj", "{01603708-867F-42C7-8A7D-9B3D0092E954}"
EndProject
Project("{FAE04EC0-301F-11D3-BF4B-00C04F79EFBC}") = "BEUProyecto", "..\BEUProyecto\BEUProyecto.csproj", "{14B042EB-45DF-4FB4-8198-4BB1B044C251}"
EndProject
Global
	GlobalSection(SolutionConfigurationPlatforms) = preSolution
		Debug|Any CPU = Debug|Any CPU
		Release|Any CPU = Release|Any CPU
	EndGlobalSection
	GlobalSection(ProjectConfigurationPlatforms) = postSolution
		{01603708-867F-42C7-8A7D-9B3D0092E954}.Debug|Any CPU.ActiveCfg = Debug|Any CPU
		{01603708-867F-42C7-8A7D-9B3D0092E954}.Debug|Any CPU.Build.0 = Debug|Any CPU
		{01603708-867F-42C7-8A7D-9B3D0092E954}.Release|Any CPU.ActiveCfg = Release|Any CPU
		{01603708-867F-42C7-8A7D-9B3D0092E954}.Release|Any CPU.Build.0 = Release|Any CPU
		{14B042EB-45DF-4FB4-8198-4BB1B044C251}.Debug|Any CPU.ActiveCfg = Debug|Any CPU
		{14B042EB-45DF-4FB4-8198-4BB1B044C251}.Debug|Any CPU.Build.0 = Debug|Any CPU
		{14B042EB-45DF-4FB4-8198-4BB1B044C251}.Release|Any CPU.ActiveCfg = Release|Any CPU
		{14B042EB-45DF-4FB4-8198-4BB1B044C251}.Release|Any CPU.Build.0 = Release|Any CPU
	EndGlobalSection
	GlobalSection(SolutionProperties) = preSolution
		HideSolutionNode = FALSE
	EndGlobalSection
	GlobalSection(ExtensibilityGlobals) = postSolution
		SolutionGuid = {E756836A-0DFA-4AB3-B208-AFD7BCE0CC15}
	EndGlobalSection
EndGlobal
